
Microsoft Visual Studio Solution File, Format Version 12.00
# Visual Studio 2013
VisualStudioVersion = 12.0.30723.0
MinimumVisualStudioVersion = 10.0.40219.1
Project("{8BC9CEB8-8B4A-11D0-8D11-00A0C91BC942}") = "ESP8266-transparent-bridge", "ESP8266-transparent-bridge.vcxproj", "{55169C13-275D-46F6-B8E8-C3501533A18E}"
EndProject
Global
	GlobalSection(SolutionConfigurationPlatforms) = preSolution
		Debug|ARM = Debug|ARM
		Release|ARM = Release|ARM
	EndGlobalSection
	GlobalSection(ProjectConfigurationPlatforms) = postSolution
		{55169C13-275D-46F6-B8E8-C3501533A18E}.Debug|ARM.ActiveCfg = Debug|ARM
		{55169C13-275D-46F6-B8E8-C3501533A18E}.Debug|ARM.Build.0 = Debug|ARM
		{55169C13-275D-46F6-B8E8-C3501533A18E}.Release|ARM.ActiveCfg = Release|ARM
		{55169C13-275D-46F6-B8E8-C3501533A18E}.Release|ARM.Build.0 = Release|ARM
	EndGlobalSection
	GlobalSection(SolutionProperties) = preSolution
		HideSolutionNode = FALSE
	EndGlobalSection
EndGlobal
